Microsoft Visual Studio Solution File, Format Version 9.00
# Visual Studio 2005
Project("{FAE04EC0-301F-11D3-BF4B-00C04F79EFBC}") = "CodeLab", "CodeLab.csproj", "{6E9302B8-7792-43A4-A4A4-1F5E8F371780}"
EndProject
Global
	GlobalSection(SolutionConfigurationPlatforms) = preSolution
		Debug|Any CPU = Debug|Any CPU
		Release|Any CPU = Release|Any CPU
	EndGlobalSection
	GlobalSection(ProjectConfigurationPlatforms) = postSolution
		{6E9302B8-7792-43A4-A4A4-1F5E8F371780}.Debug|Any CPU.ActiveCfg = Debug|Any CPU
		{6E9302B8-7792-43A4-A4A4-1F5E8F371780}.Debug|Any CPU.Build.0 = Debug|Any CPU
		{6E9302B8-7792-43A4-A4A4-1F5E8F371780}.Release|Any CPU.ActiveCfg = Release|Any CPU
		{6E9302B8-7792-43A4-A4A4-1F5E8F371780}.Release|Any CPU.Build.0 = Release|Any CPU
	EndGlobalSection
	GlobalSection(SolutionProperties) = preSolution
		HideSolutionNode = FALSE
	EndGlobalSection
EndGlobal
