
Microsoft Visual Studio Solution File, Format Version 9.00
# Visual Studio 2005
Project("{FAE04EC0-301F-11D3-BF4B-00C04F79EFBC}") = "DdsFileType", "DdsFileType.csproj", "{8CA4EBFD-46EA-437B-AD52-685C3E0BEC81}"
EndProject
Global
	GlobalSection(SolutionConfigurationPlatforms) = preSolution
		Debug|Any CPU = Debug|Any CPU
		Debug|Mixed Platforms = Debug|Mixed Platforms
		Debug|Win32 = Debug|Win32
		Debug|x64 = Debug|x64
		Release|Any CPU = Release|Any CPU
		Release|Mixed Platforms = Release|Mixed Platforms
		Release|Win32 = Release|Win32
		Release|x64 = Release|x64
	EndGlobalSection
	GlobalSection(ProjectConfigurationPlatforms) = postSolution
		{8CA4EBFD-46EA-437B-AD52-685C3E0BEC81}.Debug|Any CPU.ActiveCfg = Debug|Any CPU
		{8CA4EBFD-46EA-437B-AD52-685C3E0BEC81}.Debug|Any CPU.Build.0 = Debug|Any CPU
		{8CA4EBFD-46EA-437B-AD52-685C3E0BEC81}.Debug|Mixed Platforms.ActiveCfg = Debug|Any CPU
		{8CA4EBFD-46EA-437B-AD52-685C3E0BEC81}.Debug|Mixed Platforms.Build.0 = Debug|Any CPU
		{8CA4EBFD-46EA-437B-AD52-685C3E0BEC81}.Debug|Win32.ActiveCfg = Debug|Any CPU
		{8CA4EBFD-46EA-437B-AD52-685C3E0BEC81}.Debug|Win32.Build.0 = Debug|Any CPU
		{8CA4EBFD-46EA-437B-AD52-685C3E0BEC81}.Debug|x64.ActiveCfg = Debug|Any CPU
		{8CA4EBFD-46EA-437B-AD52-685C3E0BEC81}.Debug|x64.Build.0 = Debug|Any CPU
		{8CA4EBFD-46EA-437B-AD52-685C3E0BEC81}.Release|Any CPU.ActiveCfg = Release|Any CPU
		{8CA4EBFD-46EA-437B-AD52-685C3E0BEC81}.Release|Any CPU.Build.0 = Release|Any CPU
		{8CA4EBFD-46EA-437B-AD52-685C3E0BEC81}.Release|Mixed Platforms.ActiveCfg = Release|Any CPU
		{8CA4EBFD-46EA-437B-AD52-685C3E0BEC81}.Release|Mixed Platforms.Build.0 = Release|Any CPU
		{8CA4EBFD-46EA-437B-AD52-685C3E0BEC81}.Release|Win32.ActiveCfg = Release|Any CPU
		{8CA4EBFD-46EA-437B-AD52-685C3E0BEC81}.Release|Win32.Build.0 = Release|Any CPU
		{8CA4EBFD-46EA-437B-AD52-685C3E0BEC81}.Release|x64.ActiveCfg = Release|Any CPU
		{8CA4EBFD-46EA-437B-AD52-685C3E0BEC81}.Release|x64.Build.0 = Release|Any CPU
	EndGlobalSection
	GlobalSection(SolutionProperties) = preSolution
		HideSolutionNode = FALSE
	EndGlobalSection
EndGlobal
