Microsoft Visual Studio Solution File, Format Version 10.00
# Visual Studio 2008
Project("{FAE04EC0-301F-11D3-BF4B-00C04F79EFBC}") = "paintdotnet", "paintdotnet.csproj", "{34920450-488E-41DF-8565-AA22C2A56902}"
	ProjectSection(ProjectDependencies) = postProject
		{2E4E8805-00F7-4B18-A967-C23994BBCE75} = {2E4E8805-00F7-4B18-A967-C23994BBCE75}
		{EF345808-905D-4738-BC3F-0D0CB3960C4A} = {EF345808-905D-4738-BC3F-0D0CB3960C4A}
		{36F6FD0E-C4A7-45B9-9B7C-7DFC6DE667FE} = {36F6FD0E-C4A7-45B9-9B7C-7DFC6DE667FE}
		{E2E8B028-9FF8-4AF1-86BF-F20568EAB0EC} = {E2E8B028-9FF8-4AF1-86BF-F20568EAB0EC}
		{5B4C722D-8469-4B5F-9158-730B75AF68C1} = {5B4C722D-8469-4B5F-9158-730B75AF68C1}
		{5B4C722D-8469-4B5F-9158-730B75AF68C2} = {5B4C722D-8469-4B5F-9158-730B75AF68C2}
		{446DDC4A-1CC8-4F55-BDF2-21BB387574D1} = {446DDC4A-1CC8-4F55-BDF2-21BB387574D1}
		{AE3E7C54-B864-4C89-9CC1-89DBE2042E02} = {AE3E7C54-B864-4C89-9CC1-89DBE2042E02}
		{236A7657-45D6-46FF-A221-8E78FA447547} = {236A7657-45D6-46FF-A221-8E78FA447547}
		{D1E5865F-9DC5-4504-A484-5CE8A8A79621} = {D1E5865F-9DC5-4504-A484-5CE8A8A79621}
		{D4BEAD6A-0A65-4FAC-9ECE-B6A71EA5A884} = {D4BEAD6A-0A65-4FAC-9ECE-B6A71EA5A884}
		{5ED3F986-A73E-44C5-AC1A-BD101472CB01} = {5ED3F986-A73E-44C5-AC1A-BD101472CB01}
		{6D06E18A-6A4A-49FF-BB33-2C722D051BE8} = {6D06E18A-6A4A-49FF-BB33-2C722D051BE8}
		{8CA4EBFD-46EA-437B-AD52-685C3E0BEC81} = {8CA4EBFD-46EA-437B-AD52-685C3E0BEC81}
	EndProjectSection
EndProject
Project("{54435603-DBB4-11D2-8724-00A0C9A8B90C}") = "Setup MSI", "Setup\Setup.vdproj", "{082CE919-258F-49DE-8DB7-7E5C9DD79501}"
	ProjectSection(ProjectDependencies) = postProject
		{2E4E8805-00F7-4B18-A967-C23994BBCE75} = {2E4E8805-00F7-4B18-A967-C23994BBCE75}
		{0B173113-1F9B-4939-A62F-A176336F13AC} = {0B173113-1F9B-4939-A62F-A176336F13AC}
		{80572820-93A5-4278-A513-D902BEA2639C} = {80572820-93A5-4278-A513-D902BEA2639C}
		{05C4C721-F8E3-42E1-B817-9D165DA1A9FB} = {05C4C721-F8E3-42E1-B817-9D165DA1A9FB}
		{E2E8B028-9FF8-4AF1-86BF-F20568EAB0EC} = {E2E8B028-9FF8-4AF1-86BF-F20568EAB0EC}
		{1EADE568-A866-4DD4-9898-0A151E3F0E26} = {1EADE568-A866-4DD4-9898-0A151E3F0E26}
		{6D06E18A-6A4A-49FF-BB33-2C722D051BE8} = {6D06E18A-6A4A-49FF-BB33-2C722D051BE8}
		{66681BB0-955D-451D-A466-94C045B1CF4A} = {66681BB0-955D-451D-A466-94C045B1CF4A}
		{E37739E9-1A6D-4252-81CD-148379AD0832} = {E37739E9-1A6D-4252-81CD-148379AD0832}
	EndProjectSection
EndProject
Project("{54435603-DBB4-11D2-8724-00A0C9A8B90C}") = "WIAAutSDK MergeModule", "WIAAutSDK\MergeModule\WIAAutSDK MergeModule.vdproj", "{6376F236-ADF7-4E71-BA6B-9969E566BC88}"
EndProject
Project("{8BC9CEB8-8B4A-11D0-8D11-00A0C91BC942}") = "Setup Config", "Setup-Config\Setup-Config.vcproj", "{40A8C52E-F2F8-49D7-A825-A0411BD7306A}"
	ProjectSection(ProjectDependencies) = postProject
		{2E4E8805-00F7-4B18-A967-C23994BBCE75} = {2E4E8805-00F7-4B18-A967-C23994BBCE75}
		{EF345808-905D-4738-BC3F-0D0CB3960C4A} = {EF345808-905D-4738-BC3F-0D0CB3960C4A}
		{36F6FD0E-C4A7-45B9-9B7C-7DFC6DE667FE} = {36F6FD0E-C4A7-45B9-9B7C-7DFC6DE667FE}
		{0B173113-1F9B-4939-A62F-A176336F13AC} = {0B173113-1F9B-4939-A62F-A176336F13AC}
		{082CE919-258F-49DE-8DB7-7E5C9DD79501} = {082CE919-258F-49DE-8DB7-7E5C9DD79501}
		{80572820-93A5-4278-A513-D902BEA2639C} = {80572820-93A5-4278-A513-D902BEA2639C}
		{05C4C721-F8E3-42E1-B817-9D165DA1A9FB} = {05C4C721-F8E3-42E1-B817-9D165DA1A9FB}
		{E2E8B028-9FF8-4AF1-86BF-F20568EAB0EC} = {E2E8B028-9FF8-4AF1-86BF-F20568EAB0EC}
		{5B4C722D-8469-4B5F-9158-730B75AF68C1} = {5B4C722D-8469-4B5F-9158-730B75AF68C1}
		{5B4C722D-8469-4B5F-9158-730B75AF68C2} = {5B4C722D-8469-4B5F-9158-730B75AF68C2}
		{6376F236-ADF7-4E71-BA6B-9969E566BC88} = {6376F236-ADF7-4E71-BA6B-9969E566BC88}
		{FD728047-99F5-4CAF-957D-54194AA8D0F0} = {FD728047-99F5-4CAF-957D-54194AA8D0F0}
		{446DDC4A-1CC8-4F55-BDF2-21BB387574D1} = {446DDC4A-1CC8-4F55-BDF2-21BB387574D1}
		{34920450-488E-41DF-8565-AA22C2A56902} = {34920450-488E-41DF-8565-AA22C2A56902}
		{AE3E7C54-B864-4C89-9CC1-89DBE2042E02} = {AE3E7C54-B864-4C89-9CC1-89DBE2042E02}
		{236A7657-45D6-46FF-A221-8E78FA447547} = {236A7657-45D6-46FF-A221-8E78FA447547}
		{D1E5865F-9DC5-4504-A484-5CE8A8A79621} = {D1E5865F-9DC5-4504-A484-5CE8A8A79621}
		{1EADE568-A866-4DD4-9898-0A151E3F0E26} = {1EADE568-A866-4DD4-9898-0A151E3F0E26}
		{D4BEAD6A-0A65-4FAC-9ECE-B6A71EA5A884} = {D4BEAD6A-0A65-4FAC-9ECE-B6A71EA5A884}
		{5ED3F986-A73E-44C5-AC1A-BD101472CB01} = {5ED3F986-A73E-44C5-AC1A-BD101472CB01}
		{6D06E18A-6A4A-49FF-BB33-2C722D051BE8} = {6D06E18A-6A4A-49FF-BB33-2C722D051BE8}
		{66681BB0-955D-451D-A466-94C045B1CF4A} = {66681BB0-955D-451D-A466-94C045B1CF4A}
		{9A2FADDE-15A5-4904-96D3-8ECD113B715C} = {9A2FADDE-15A5-4904-96D3-8ECD113B715C}
		{E37739E9-1A6D-4252-81CD-148379AD0832} = {E37739E9-1A6D-4252-81CD-148379AD0832}
		{8CA4EBFD-46EA-437B-AD52-685C3E0BEC81} = {8CA4EBFD-46EA-437B-AD52-685C3E0BEC81}
	EndProjectSection
EndProject
Project("{FAE04EC0-301F-11D3-BF4B-00C04F79EFBC}") = "Core", "Core\Core.csproj", "{1EADE568-A866-4DD4-9898-0A151E3F0E26}"
EndProject
Project("{FAE04EC0-301F-11D3-BF4B-00C04F79EFBC}") = "Effects", "Effects\Effects.csproj", "{2E4E8805-00F7-4B18-A967-C23994BBCE75}"
EndProject
Project("{FAE04EC0-301F-11D3-BF4B-00C04F79EFBC}") = "StylusReader", "StylusReader\StylusReader.csproj", "{E2E8B028-9FF8-4AF1-86BF-F20568EAB0EC}"
EndProject
Project("{FAE04EC0-301F-11D3-BF4B-00C04F79EFBC}") = "SystemLayer", "SystemLayer\SystemLayer.csproj", "{80572820-93A5-4278-A513-D902BEA2639C}"
EndProject
Project("{FAE04EC0-301F-11D3-BF4B-00C04F79EFBC}") = "Data", "Data\Data.csproj", "{66681BB0-955D-451D-A466-94C045B1CF4A}"
	ProjectSection(ProjectDependencies) = postProject
		{6D06E18A-6A4A-49FF-BB33-2C722D051BE8} = {6D06E18A-6A4A-49FF-BB33-2C722D051BE8}
	EndProjectSection
EndProject
Project("{FAE04EC0-301F-11D3-BF4B-00C04F79EFBC}") = "SetupNgen", "SetupNgen\SetupNgen.csproj", "{E37739E9-1A6D-4252-81CD-148379AD0832}"
EndProject
Project("{FAE04EC0-301F-11D3-BF4B-00C04F79EFBC}") = "Resources", "Resources\Resources.csproj", "{0B173113-1F9B-4939-A62F-A176336F13AC}"
	ProjectSection(ProjectDependencies) = postProject
		{AE3E7C54-B864-4C89-9CC1-89DBE2042E02} = {AE3E7C54-B864-4C89-9CC1-89DBE2042E02}
	EndProjectSection
EndProject
Project("{8BC9CEB8-8B4A-11D0-8D11-00A0C91BC942}") = "Strings", "Strings\Strings.vcproj", "{AE3E7C54-B864-4C89-9CC1-89DBE2042E02}"
EndProject
Project("{FAE04EC0-301F-11D3-BF4B-00C04F79EFBC}") = "SetupFrontEnd", "SetupFrontEnd\SetupFrontEnd.csproj", "{9A2FADDE-15A5-4904-96D3-8ECD113B715C}"
	ProjectSection(ProjectDependencies) = postProject
		{AE3E7C54-B864-4C89-9CC1-89DBE2042E02} = {AE3E7C54-B864-4C89-9CC1-89DBE2042E02}
	EndProjectSection
EndProject
Project("{8BC9CEB8-8B4A-11D0-8D11-00A0C91BC942}") = "SetupShim", "SetupShim\SetupShim.vcproj", "{FD728047-99F5-4CAF-957D-54194AA8D0F0}"
EndProject
Project("{8BC9CEB8-8B4A-11D0-8D11-00A0C91BC942}") = "ShellExtension_x86", "ShellExtension\ShellExtension_x86\ShellExtension_x86.vcproj", "{236A7657-45D6-46FF-A221-8E78FA447547}"
EndProject
Project("{8BC9CEB8-8B4A-11D0-8D11-00A0C91BC942}") = "ShellExtension_x64", "ShellExtension\ShellExtension_x64\ShellExtension_x64.vcproj", "{36F6FD0E-C4A7-45B9-9B7C-7DFC6DE667FE}"
EndProject
Project("{FAE04EC0-301F-11D3-BF4B-00C04F79EFBC}") = "WiaProxy32", "WiaProxy32\WiaProxy32.csproj", "{446DDC4A-1CC8-4F55-BDF2-21BB387574D1}"
EndProject
Project("{8BC9CEB8-8B4A-11D0-8D11-00A0C91BC942}") = "GeneratedCode", "GeneratedCode\GeneratedCode.vcproj", "{6D06E18A-6A4A-49FF-BB33-2C722D051BE8}"
EndProject
Project("{FAE04EC0-301F-11D3-BF4B-00C04F79EFBC}") = "PdnRepair", "PdnRepair\PdnRepair.csproj", "{D4BEAD6A-0A65-4FAC-9ECE-B6A71EA5A884}"
EndProject
Project("{FAE04EC0-301F-11D3-BF4B-00C04F79EFBC}") = "UpdateMonitor", "UpdateMonitor\UpdateMonitor.csproj", "{D1E5865F-9DC5-4504-A484-5CE8A8A79621}"
EndProject
Project("{FAE04EC0-301F-11D3-BF4B-00C04F79EFBC}") = "Resources.mui", "Resources.mui\Resources.mui.csproj", "{5ED3F986-A73E-44C5-AC1A-BD101472CB01}"
	ProjectSection(ProjectDependencies) = postProject
		{6D06E18A-6A4A-49FF-BB33-2C722D051BE8} = {6D06E18A-6A4A-49FF-BB33-2C722D051BE8}
	EndProjectSection
EndProject
Project("{FAE04EC0-301F-11D3-BF4B-00C04F79EFBC}") = "Base", "Base\Base.csproj", "{05C4C721-F8E3-42E1-B817-9D165DA1A9FB}"
EndProject
Project("{8BC9CEB8-8B4A-11D0-8D11-00A0C91BC942}") = "Squish_x64", "DdsFileType\Squish\Squish_x64\Squish_x64.vcproj", "{EF345808-905D-4738-BC3F-0D0CB3960C4A}"
EndProject
Project("{8BC9CEB8-8B4A-11D0-8D11-00A0C91BC942}") = "Squish_x86", "DdsFileType\Squish\Squish_x86\Squish_x86.vcproj", "{5B4C722D-8469-4B5F-9158-730B75AF68C1}"
EndProject
Project("{FAE04EC0-301F-11D3-BF4B-00C04F79EFBC}") = "DdsFileType", "DdsFileType\DdsFileType\DdsFileType.csproj", "{8CA4EBFD-46EA-437B-AD52-685C3E0BEC81}"
	ProjectSection(ProjectDependencies) = postProject
		{EF345808-905D-4738-BC3F-0D0CB3960C4A} = {EF345808-905D-4738-BC3F-0D0CB3960C4A}
		{5B4C722D-8469-4B5F-9158-730B75AF68C1} = {5B4C722D-8469-4B5F-9158-730B75AF68C1}
		{5B4C722D-8469-4B5F-9158-730B75AF68C2} = {5B4C722D-8469-4B5F-9158-730B75AF68C2}
	EndProjectSection
EndProject
Project("{8BC9CEB8-8B4A-11D0-8D11-00A0C91BC942}") = "Squish_x86_SSE2", "DdsFileType\Squish\Squish_x86_SSE2\Squish_x86_SSE2.vcproj", "{5B4C722D-8469-4B5F-9158-730B75AF68C2}"
EndProject
Global
	GlobalSection(SolutionConfigurationPlatforms) = preSolution
		Debug|Any CPU = Debug|Any CPU
		Release and Package|Any CPU = Release and Package|Any CPU
		Release|Any CPU = Release|Any CPU
	EndGlobalSection
	GlobalSection(ProjectConfigurationPlatforms) = postSolution
		{34920450-488E-41DF-8565-AA22C2A56902}.Debug|Any CPU.ActiveCfg = Debug|Any CPU
		{34920450-488E-41DF-8565-AA22C2A56902}.Debug|Any CPU.Build.0 = Debug|Any CPU
		{34920450-488E-41DF-8565-AA22C2A56902}.Release and Package|Any CPU.ActiveCfg = Release|Any CPU
		{34920450-488E-41DF-8565-AA22C2A56902}.Release and Package|Any CPU.Build.0 = Release|Any CPU
		{34920450-488E-41DF-8565-AA22C2A56902}.Release|Any CPU.ActiveCfg = Release|Any CPU
		{34920450-488E-41DF-8565-AA22C2A56902}.Release|Any CPU.Build.0 = Release|Any CPU
		{082CE919-258F-49DE-8DB7-7E5C9DD79501}.Debug|Any CPU.ActiveCfg = Debug
		{082CE919-258F-49DE-8DB7-7E5C9DD79501}.Release and Package|Any CPU.ActiveCfg = Release
		{082CE919-258F-49DE-8DB7-7E5C9DD79501}.Release and Package|Any CPU.Build.0 = Release
		{082CE919-258F-49DE-8DB7-7E5C9DD79501}.Release|Any CPU.ActiveCfg = Release
		{6376F236-ADF7-4E71-BA6B-9969E566BC88}.Debug|Any CPU.ActiveCfg = Debug
		{6376F236-ADF7-4E71-BA6B-9969E566BC88}.Release and Package|Any CPU.ActiveCfg = Release
		{6376F236-ADF7-4E71-BA6B-9969E566BC88}.Release and Package|Any CPU.Build.0 = Release
		{6376F236-ADF7-4E71-BA6B-9969E566BC88}.Release|Any CPU.ActiveCfg = Release
		{40A8C52E-F2F8-49D7-A825-A0411BD7306A}.Debug|Any CPU.ActiveCfg = Debug|Win32
		{40A8C52E-F2F8-49D7-A825-A0411BD7306A}.Release and Package|Any CPU.ActiveCfg = Release|Win32
		{40A8C52E-F2F8-49D7-A825-A0411BD7306A}.Release and Package|Any CPU.Build.0 = Release|Win32
		{40A8C52E-F2F8-49D7-A825-A0411BD7306A}.Release|Any CPU.ActiveCfg = Release|Win32
		{1EADE568-A866-4DD4-9898-0A151E3F0E26}.Debug|Any CPU.ActiveCfg = Debug|Any CPU
		{1EADE568-A866-4DD4-9898-0A151E3F0E26}.Debug|Any CPU.Build.0 = Debug|Any CPU
		{1EADE568-A866-4DD4-9898-0A151E3F0E26}.Release and Package|Any CPU.ActiveCfg = Release|Any CPU
		{1EADE568-A866-4DD4-9898-0A151E3F0E26}.Release and Package|Any CPU.Build.0 = Release|Any CPU
		{1EADE568-A866-4DD4-9898-0A151E3F0E26}.Release|Any CPU.ActiveCfg = Release|Any CPU
		{1EADE568-A866-4DD4-9898-0A151E3F0E26}.Release|Any CPU.Build.0 = Release|Any CPU
		{2E4E8805-00F7-4B18-A967-C23994BBCE75}.Debug|Any CPU.ActiveCfg = Debug|Any CPU
		{2E4E8805-00F7-4B18-A967-C23994BBCE75}.Debug|Any CPU.Build.0 = Debug|Any CPU
		{2E4E8805-00F7-4B18-A967-C23994BBCE75}.Release and Package|Any CPU.ActiveCfg = Release|Any CPU
		{2E4E8805-00F7-4B18-A967-C23994BBCE75}.Release and Package|Any CPU.Build.0 = Release|Any CPU
		{2E4E8805-00F7-4B18-A967-C23994BBCE75}.Release|Any CPU.ActiveCfg = Release|Any CPU
		{2E4E8805-00F7-4B18-A967-C23994BBCE75}.Release|Any CPU.Build.0 = Release|Any CPU
		{E2E8B028-9FF8-4AF1-86BF-F20568EAB0EC}.Debug|Any CPU.ActiveCfg = Debug|Any CPU
		{E2E8B028-9FF8-4AF1-86BF-F20568EAB0EC}.Debug|Any CPU.Build.0 = Debug|Any CPU
		{E2E8B028-9FF8-4AF1-86BF-F20568EAB0EC}.Release and Package|Any CPU.ActiveCfg = Release|Any CPU
		{E2E8B028-9FF8-4AF1-86BF-F20568EAB0EC}.Release and Package|Any CPU.Build.0 = Release|Any CPU
		{E2E8B028-9FF8-4AF1-86BF-F20568EAB0EC}.Release|Any CPU.ActiveCfg = Release|Any CPU
		{E2E8B028-9FF8-4AF1-86BF-F20568EAB0EC}.Release|Any CPU.Build.0 = Release|Any CPU
		{80572820-93A5-4278-A513-D902BEA2639C}.Debug|Any CPU.ActiveCfg = Debug|Any CPU
		{80572820-93A5-4278-A513-D902BEA2639C}.Debug|Any CPU.Build.0 = Debug|Any CPU
		{80572820-93A5-4278-A513-D902BEA2639C}.Release and Package|Any CPU.ActiveCfg = Release|Any CPU
		{80572820-93A5-4278-A513-D902BEA2639C}.Release and Package|Any CPU.Build.0 = Release|Any CPU
		{80572820-93A5-4278-A513-D902BEA2639C}.Release|Any CPU.ActiveCfg = Release|Any CPU
		{80572820-93A5-4278-A513-D902BEA2639C}.Release|Any CPU.Build.0 = Release|Any CPU
		{66681BB0-955D-451D-A466-94C045B1CF4A}.Debug|Any CPU.ActiveCfg = Debug|Any CPU
		{66681BB0-955D-451D-A466-94C045B1CF4A}.Debug|Any CPU.Build.0 = Debug|Any CPU
		{66681BB0-955D-451D-A466-94C045B1CF4A}.Release and Package|Any CPU.ActiveCfg = Release|Any CPU
		{66681BB0-955D-451D-A466-94C045B1CF4A}.Release and Package|Any CPU.Build.0 = Release|Any CPU
		{66681BB0-955D-451D-A466-94C045B1CF4A}.Release|Any CPU.ActiveCfg = Release|Any CPU
		{66681BB0-955D-451D-A466-94C045B1CF4A}.Release|Any CPU.Build.0 = Release|Any CPU
		{E37739E9-1A6D-4252-81CD-148379AD0832}.Debug|Any CPU.ActiveCfg = Debug|Any CPU
		{E37739E9-1A6D-4252-81CD-148379AD0832}.Debug|Any CPU.Build.0 = Debug|Any CPU
		{E37739E9-1A6D-4252-81CD-148379AD0832}.Release and Package|Any CPU.ActiveCfg = Release|Any CPU
		{E37739E9-1A6D-4252-81CD-148379AD0832}.Release and Package|Any CPU.Build.0 = Release|Any CPU
		{E37739E9-1A6D-4252-81CD-148379AD0832}.Release|Any CPU.ActiveCfg = Release|Any CPU
		{E37739E9-1A6D-4252-81CD-148379AD0832}.Release|Any CPU.Build.0 = Release|Any CPU
		{0B173113-1F9B-4939-A62F-A176336F13AC}.Debug|Any CPU.ActiveCfg = Debug|Any CPU
		{0B173113-1F9B-4939-A62F-A176336F13AC}.Debug|Any CPU.Build.0 = Debug|Any CPU
		{0B173113-1F9B-4939-A62F-A176336F13AC}.Release and Package|Any CPU.ActiveCfg = Release|Any CPU
		{0B173113-1F9B-4939-A62F-A176336F13AC}.Release and Package|Any CPU.Build.0 = Release|Any CPU
		{0B173113-1F9B-4939-A62F-A176336F13AC}.Release|Any CPU.ActiveCfg = Release|Any CPU
		{0B173113-1F9B-4939-A62F-A176336F13AC}.Release|Any CPU.Build.0 = Release|Any CPU
		{AE3E7C54-B864-4C89-9CC1-89DBE2042E02}.Debug|Any CPU.ActiveCfg = Debug|Win32
		{AE3E7C54-B864-4C89-9CC1-89DBE2042E02}.Debug|Any CPU.Build.0 = Debug|Win32
		{AE3E7C54-B864-4C89-9CC1-89DBE2042E02}.Release and Package|Any CPU.ActiveCfg = Release|Win32
		{AE3E7C54-B864-4C89-9CC1-89DBE2042E02}.Release and Package|Any CPU.Build.0 = Release|Win32
		{AE3E7C54-B864-4C89-9CC1-89DBE2042E02}.Release|Any CPU.ActiveCfg = Release|Win32
		{AE3E7C54-B864-4C89-9CC1-89DBE2042E02}.Release|Any CPU.Build.0 = Release|Win32
		{9A2FADDE-15A5-4904-96D3-8ECD113B715C}.Debug|Any CPU.ActiveCfg = Debug|Any CPU
		{9A2FADDE-15A5-4904-96D3-8ECD113B715C}.Debug|Any CPU.Build.0 = Debug|Any CPU
		{9A2FADDE-15A5-4904-96D3-8ECD113B715C}.Release and Package|Any CPU.ActiveCfg = Release|Any CPU
		{9A2FADDE-15A5-4904-96D3-8ECD113B715C}.Release and Package|Any CPU.Build.0 = Release|Any CPU
		{9A2FADDE-15A5-4904-96D3-8ECD113B715C}.Release|Any CPU.ActiveCfg = Release|Any CPU
		{9A2FADDE-15A5-4904-96D3-8ECD113B715C}.Release|Any CPU.Build.0 = Release|Any CPU
		{FD728047-99F5-4CAF-957D-54194AA8D0F0}.Debug|Any CPU.ActiveCfg = Debug|Win32
		{FD728047-99F5-4CAF-957D-54194AA8D0F0}.Release and Package|Any CPU.ActiveCfg = Release|Win32
		{FD728047-99F5-4CAF-957D-54194AA8D0F0}.Release and Package|Any CPU.Build.0 = Release|Win32
		{FD728047-99F5-4CAF-957D-54194AA8D0F0}.Release|Any CPU.ActiveCfg = Release|Win32
		{236A7657-45D6-46FF-A221-8E78FA447547}.Debug|Any CPU.ActiveCfg = Debug|Win32
		{236A7657-45D6-46FF-A221-8E78FA447547}.Debug|Any CPU.Build.0 = Debug|Win32
		{236A7657-45D6-46FF-A221-8E78FA447547}.Release and Package|Any CPU.ActiveCfg = Release|Win32
		{236A7657-45D6-46FF-A221-8E78FA447547}.Release and Package|Any CPU.Build.0 = Release|Win32
		{236A7657-45D6-46FF-A221-8E78FA447547}.Release|Any CPU.ActiveCfg = Release|Win32
		{236A7657-45D6-46FF-A221-8E78FA447547}.Release|Any CPU.Build.0 = Release|Win32
		{36F6FD0E-C4A7-45B9-9B7C-7DFC6DE667FE}.Debug|Any CPU.ActiveCfg = Debug|x64
		{36F6FD0E-C4A7-45B9-9B7C-7DFC6DE667FE}.Debug|Any CPU.Build.0 = Debug|x64
		{36F6FD0E-C4A7-45B9-9B7C-7DFC6DE667FE}.Release and Package|Any CPU.ActiveCfg = Release|x64
		{36F6FD0E-C4A7-45B9-9B7C-7DFC6DE667FE}.Release and Package|Any CPU.Build.0 = Release|x64
		{36F6FD0E-C4A7-45B9-9B7C-7DFC6DE667FE}.Release|Any CPU.ActiveCfg = Release|x64
		{36F6FD0E-C4A7-45B9-9B7C-7DFC6DE667FE}.Release|Any CPU.Build.0 = Release|x64
		{446DDC4A-1CC8-4F55-BDF2-21BB387574D1}.Debug|Any CPU.ActiveCfg = Debug|x86
		{446DDC4A-1CC8-4F55-BDF2-21BB387574D1}.Debug|Any CPU.Build.0 = Debug|x86
		{446DDC4A-1CC8-4F55-BDF2-21BB387574D1}.Release and Package|Any CPU.ActiveCfg = Release|x86
		{446DDC4A-1CC8-4F55-BDF2-21BB387574D1}.Release and Package|Any CPU.Build.0 = Release|x86
		{446DDC4A-1CC8-4F55-BDF2-21BB387574D1}.Release|Any CPU.ActiveCfg = Release|x86
		{446DDC4A-1CC8-4F55-BDF2-21BB387574D1}.Release|Any CPU.Build.0 = Release|x86
		{6D06E18A-6A4A-49FF-BB33-2C722D051BE8}.Debug|Any CPU.ActiveCfg = Debug|Win32
		{6D06E18A-6A4A-49FF-BB33-2C722D051BE8}.Debug|Any CPU.Build.0 = Debug|Win32
		{6D06E18A-6A4A-49FF-BB33-2C722D051BE8}.Release and Package|Any CPU.ActiveCfg = Release|Win32
		{6D06E18A-6A4A-49FF-BB33-2C722D051BE8}.Release and Package|Any CPU.Build.0 = Release|Win32
		{6D06E18A-6A4A-49FF-BB33-2C722D051BE8}.Release|Any CPU.ActiveCfg = Release|Win32
		{6D06E18A-6A4A-49FF-BB33-2C722D051BE8}.Release|Any CPU.Build.0 = Release|Win32
		{D4BEAD6A-0A65-4FAC-9ECE-B6A71EA5A884}.Debug|Any CPU.ActiveCfg = Debug|Any CPU
		{D4BEAD6A-0A65-4FAC-9ECE-B6A71EA5A884}.Release and Package|Any CPU.ActiveCfg = Release|Any CPU
		{D4BEAD6A-0A65-4FAC-9ECE-B6A71EA5A884}.Release and Package|Any CPU.Build.0 = Release|Any CPU
		{D4BEAD6A-0A65-4FAC-9ECE-B6A71EA5A884}.Release|Any CPU.ActiveCfg = Release|Any CPU
		{D1E5865F-9DC5-4504-A484-5CE8A8A79621}.Debug|Any CPU.ActiveCfg = Debug|Any CPU
		{D1E5865F-9DC5-4504-A484-5CE8A8A79621}.Debug|Any CPU.Build.0 = Debug|Any CPU
		{D1E5865F-9DC5-4504-A484-5CE8A8A79621}.Release and Package|Any CPU.ActiveCfg = Release|Any CPU
		{D1E5865F-9DC5-4504-A484-5CE8A8A79621}.Release and Package|Any CPU.Build.0 = Release|Any CPU
		{D1E5865F-9DC5-4504-A484-5CE8A8A79621}.Release|Any CPU.ActiveCfg = Release|Any CPU
		{D1E5865F-9DC5-4504-A484-5CE8A8A79621}.Release|Any CPU.Build.0 = Release|Any CPU
		{5ED3F986-A73E-44C5-AC1A-BD101472CB01}.Debug|Any CPU.ActiveCfg = Debug|Any CPU
		{5ED3F986-A73E-44C5-AC1A-BD101472CB01}.Release and Package|Any CPU.ActiveCfg = Release|Any CPU
		{5ED3F986-A73E-44C5-AC1A-BD101472CB01}.Release|Any CPU.ActiveCfg = Release|Any CPU
		{05C4C721-F8E3-42E1-B817-9D165DA1A9FB}.Debug|Any CPU.ActiveCfg = Debug|Any CPU
		{05C4C721-F8E3-42E1-B817-9D165DA1A9FB}.Debug|Any CPU.Build.0 = Debug|Any CPU
		{05C4C721-F8E3-42E1-B817-9D165DA1A9FB}.Release and Package|Any CPU.ActiveCfg = Release|Any CPU
		{05C4C721-F8E3-42E1-B817-9D165DA1A9FB}.Release and Package|Any CPU.Build.0 = Release|Any CPU
		{05C4C721-F8E3-42E1-B817-9D165DA1A9FB}.Release|Any CPU.ActiveCfg = Release|Any CPU
		{05C4C721-F8E3-42E1-B817-9D165DA1A9FB}.Release|Any CPU.Build.0 = Release|Any CPU
		{EF345808-905D-4738-BC3F-0D0CB3960C4A}.Debug|Any CPU.ActiveCfg = Debug|x64
		{EF345808-905D-4738-BC3F-0D0CB3960C4A}.Debug|Any CPU.Build.0 = Debug|x64
		{EF345808-905D-4738-BC3F-0D0CB3960C4A}.Release and Package|Any CPU.ActiveCfg = Release|x64
		{EF345808-905D-4738-BC3F-0D0CB3960C4A}.Release and Package|Any CPU.Build.0 = Release|x64
		{EF345808-905D-4738-BC3F-0D0CB3960C4A}.Release|Any CPU.ActiveCfg = Release|x64
		{EF345808-905D-4738-BC3F-0D0CB3960C4A}.Release|Any CPU.Build.0 = Release|x64
		{5B4C722D-8469-4B5F-9158-730B75AF68C1}.Debug|Any CPU.ActiveCfg = Debug|Win32
		{5B4C722D-8469-4B5F-9158-730B75AF68C1}.Debug|Any CPU.Build.0 = Debug|Win32
		{5B4C722D-8469-4B5F-9158-730B75AF68C1}.Release and Package|Any CPU.ActiveCfg = Release|Win32
		{5B4C722D-8469-4B5F-9158-730B75AF68C1}.Release and Package|Any CPU.Build.0 = Release|Win32
		{5B4C722D-8469-4B5F-9158-730B75AF68C1}.Release|Any CPU.ActiveCfg = Release|Win32
		{5B4C722D-8469-4B5F-9158-730B75AF68C1}.Release|Any CPU.Build.0 = Release|Win32
		{8CA4EBFD-46EA-437B-AD52-685C3E0BEC81}.Debug|Any CPU.ActiveCfg = Debug|Any CPU
		{8CA4EBFD-46EA-437B-AD52-685C3E0BEC81}.Debug|Any CPU.Build.0 = Debug|Any CPU
		{8CA4EBFD-46EA-437B-AD52-685C3E0BEC81}.Release and Package|Any CPU.ActiveCfg = Release|Any CPU
		{8CA4EBFD-46EA-437B-AD52-685C3E0BEC81}.Release and Package|Any CPU.Build.0 = Release|Any CPU
		{8CA4EBFD-46EA-437B-AD52-685C3E0BEC81}.Release|Any CPU.ActiveCfg = Release|Any CPU
		{8CA4EBFD-46EA-437B-AD52-685C3E0BEC81}.Release|Any CPU.Build.0 = Release|Any CPU
		{5B4C722D-8469-4B5F-9158-730B75AF68C2}.Debug|Any CPU.ActiveCfg = Debug|Win32
		{5B4C722D-8469-4B5F-9158-730B75AF68C2}.Debug|Any CPU.Build.0 = Debug|Win32
		{5B4C722D-8469-4B5F-9158-730B75AF68C2}.Release and Package|Any CPU.ActiveCfg = Release|Win32
		{5B4C722D-8469-4B5F-9158-730B75AF68C2}.Release and Package|Any CPU.Build.0 = Release|Win32
		{5B4C722D-8469-4B5F-9158-730B75AF68C2}.Release|Any CPU.ActiveCfg = Release|Win32
		{5B4C722D-8469-4B5F-9158-730B75AF68C2}.Release|Any CPU.Build.0 = Release|Win32
	EndGlobalSection
	GlobalSection(SolutionProperties) = preSolution
		HideSolutionNode = FALSE
	EndGlobalSection
EndGlobal
